
Microsoft Visual Studio Solution File, Format Version 12.00
# Visual Studio Version 17
VisualStudioVersion = 17.4.33122.133
MinimumVisualStudioVersion = 10.0.40219.1
Project("{FAE04EC0-301F-11D3-BF4B-00C04F79EFBC}") = "TDL_ASP", "TDL_ASP\TDL_ASP.csproj", "{96185DA7-F368-43D0-B905-AB7DF695AC12}"
EndProject
Global
	GlobalSection(SolutionConfigurationPlatforms) = preSolution
		Debug|Any CPU = Debug|Any CPU
		Release|Any CPU = Release|Any CPU
	EndGlobalSection
	GlobalSection(ProjectConfigurationPlatforms) = postSolution
		{96185DA7-F368-43D0-B905-AB7DF695AC12}.Debug|Any CPU.ActiveCfg = Debug|Any CPU
		{96185DA7-F368-43D0-B905-AB7DF695AC12}.Debug|Any CPU.Build.0 = Debug|Any CPU
		{96185DA7-F368-43D0-B905-AB7DF695AC12}.Release|Any CPU.ActiveCfg = Release|Any CPU
		{96185DA7-F368-43D0-B905-AB7DF695AC12}.Release|Any CPU.Build.0 = Release|Any CPU
	EndGlobalSection
	GlobalSection(SolutionProperties) = preSolution
		HideSolutionNode = FALSE
	EndGlobalSection
	GlobalSection(ExtensibilityGlobals) = postSolution
		SolutionGuid = {BE775A96-A025-4122-ABA9-470B8B9A296C}
	EndGlobalSection
EndGlobal
